<?xml version="1.0" encoding="UTF-8"?>
<CodeBlocks_project_file>
	<FileVersion major="1" minor="6"/>
	<Project>
		<Option title="ls"/>
		<Option makefile_is_custom="1"/>
		<Option compiler="gcc"/>
		<Option virtualFolders="CMake Files\;"/>
		<Build>
			<Target title="all">
				<Option working_dir="D:/SGOlmADAPTATIVOS/localsearchs"/>
				<Option type="4"/>
				<MakeCommands>
					<Build command="D:/mingw/bin/mingw32-make.exe -f &quot;D:/SGOlmADAPTATIVOS/localsearchs/Makefile&quot;  VERBOSE=1 all"/>
					<CompileFile command="D:/mingw/bin/mingw32-make.exe -f &quot;D:/SGOlmADAPTATIVOS/localsearchs/Makefile&quot;  VERBOSE=1 &quot;$file&quot;"/>
					<Clean command="D:/mingw/bin/mingw32-make.exe -f &quot;D:/SGOlmADAPTATIVOS/localsearchs/Makefile&quot;  VERBOSE=1 clean"/>
					<DistClean command="D:/mingw/bin/mingw32-make.exe -f &quot;D:/SGOlmADAPTATIVOS/localsearchs/Makefile&quot;  VERBOSE=1 clean"/>
				</MakeCommands>
			</Target>
			<Target title="localsearch">
				<Option output="D:/SGOlmADAPTATIVOS/localsearchs/liblocalsearch.dll" prefix_auto="0" extension_auto="0"/>
				<Option working_dir="D:/SGOlmADAPTATIVOS/localsearchs"/>
				<Option object_output="./"/>
				<Option type="3"/>
				<Option compiler="gcc"/>
				<Compiler>
					<Add directory="d:\mingw\bin\../lib/gcc/mingw32/4.9.3/include/c++"/>
					<Add directory="d:\mingw\bin\../lib/gcc/mingw32/4.9.3/include/c++/mingw32"/>
					<Add directory="d:\mingw\bin\../lib/gcc/mingw32/4.9.3/include/c++/backward"/>
					<Add directory="d:\mingw\bin\../lib/gcc/mingw32/4.9.3/include"/>
					<Add directory="d:\mingw\bin\../lib/gcc/mingw32/4.9.3/../../../../include"/>
					<Add directory="d:\mingw\bin\../lib/gcc/mingw32/4.9.3/include-fixed"/>
					<Add directory="d:\mingw\bin\../lib/gcc/mingw32/4.9.3/../../../../mingw32/include"/>
				</Compiler>
				<MakeCommands>
					<Build command="D:/mingw/bin/mingw32-make.exe -f &quot;D:/SGOlmADAPTATIVOS/localsearchs/Makefile&quot;  VERBOSE=1 localsearch"/>
					<CompileFile command="D:/mingw/bin/mingw32-make.exe -f &quot;D:/SGOlmADAPTATIVOS/localsearchs/Makefile&quot;  VERBOSE=1 &quot;$file&quot;"/>
					<Clean command="D:/mingw/bin/mingw32-make.exe -f &quot;D:/SGOlmADAPTATIVOS/localsearchs/Makefile&quot;  VERBOSE=1 clean"/>
					<DistClean command="D:/mingw/bin/mingw32-make.exe -f &quot;D:/SGOlmADAPTATIVOS/localsearchs/Makefile&quot;  VERBOSE=1 clean"/>
				</MakeCommands>
			</Target>
			<Target title="localsearch/fast">
				<Option output="D:/SGOlmADAPTATIVOS/localsearchs/liblocalsearch.dll" prefix_auto="0" extension_auto="0"/>
				<Option working_dir="D:/SGOlmADAPTATIVOS/localsearchs"/>
				<Option object_output="./"/>
				<Option type="3"/>
				<Option compiler="gcc"/>
				<Compiler>
					<Add directory="d:\mingw\bin\../lib/gcc/mingw32/4.9.3/include/c++"/>
					<Add directory="d:\mingw\bin\../lib/gcc/mingw32/4.9.3/include/c++/mingw32"/>
					<Add directory="d:\mingw\bin\../lib/gcc/mingw32/4.9.3/include/c++/backward"/>
					<Add directory="d:\mingw\bin\../lib/gcc/mingw32/4.9.3/include"/>
					<Add directory="d:\mingw\bin\../lib/gcc/mingw32/4.9.3/../../../../include"/>
					<Add directory="d:\mingw\bin\../lib/gcc/mingw32/4.9.3/include-fixed"/>
					<Add directory="d:\mingw\bin\../lib/gcc/mingw32/4.9.3/../../../../mingw32/include"/>
				</Compiler>
				<MakeCommands>
					<Build command="D:/mingw/bin/mingw32-make.exe -f &quot;D:/SGOlmADAPTATIVOS/localsearchs/Makefile&quot;  VERBOSE=1 localsearch/fast"/>
					<CompileFile command="D:/mingw/bin/mingw32-make.exe -f &quot;D:/SGOlmADAPTATIVOS/localsearchs/Makefile&quot;  VERBOSE=1 &quot;$file&quot;"/>
					<Clean command="D:/mingw/bin/mingw32-make.exe -f &quot;D:/SGOlmADAPTATIVOS/localsearchs/Makefile&quot;  VERBOSE=1 clean"/>
					<DistClean command="D:/mingw/bin/mingw32-make.exe -f &quot;D:/SGOlmADAPTATIVOS/localsearchs/Makefile&quot;  VERBOSE=1 clean"/>
				</MakeCommands>
			</Target>
			<Target title="example_ls">
				<Option output="D:/SGOlmADAPTATIVOS/localsearchs/example_ls.exe" prefix_auto="0" extension_auto="0"/>
				<Option working_dir="D:/SGOlmADAPTATIVOS/localsearchs"/>
				<Option object_output="./"/>
				<Option type="1"/>
				<Option compiler="gcc"/>
				<Compiler>
					<Add directory="d:\mingw\bin\../lib/gcc/mingw32/4.9.3/include/c++"/>
					<Add directory="d:\mingw\bin\../lib/gcc/mingw32/4.9.3/include/c++/mingw32"/>
					<Add directory="d:\mingw\bin\../lib/gcc/mingw32/4.9.3/include/c++/backward"/>
					<Add directory="d:\mingw\bin\../lib/gcc/mingw32/4.9.3/include"/>
					<Add directory="d:\mingw\bin\../lib/gcc/mingw32/4.9.3/../../../../include"/>
					<Add directory="d:\mingw\bin\../lib/gcc/mingw32/4.9.3/include-fixed"/>
					<Add directory="d:\mingw\bin\../lib/gcc/mingw32/4.9.3/../../../../mingw32/include"/>
				</Compiler>
				<MakeCommands>
					<Build command="D:/mingw/bin/mingw32-make.exe -f &quot;D:/SGOlmADAPTATIVOS/localsearchs/Makefile&quot;  VERBOSE=1 example_ls"/>
					<CompileFile command="D:/mingw/bin/mingw32-make.exe -f &quot;D:/SGOlmADAPTATIVOS/localsearchs/Makefile&quot;  VERBOSE=1 &quot;$file&quot;"/>
					<Clean command="D:/mingw/bin/mingw32-make.exe -f &quot;D:/SGOlmADAPTATIVOS/localsearchs/Makefile&quot;  VERBOSE=1 clean"/>
					<DistClean command="D:/mingw/bin/mingw32-make.exe -f &quot;D:/SGOlmADAPTATIVOS/localsearchs/Makefile&quot;  VERBOSE=1 clean"/>
				</MakeCommands>
			</Target>
			<Target title="example_ls/fast">
				<Option output="D:/SGOlmADAPTATIVOS/localsearchs/example_ls.exe" prefix_auto="0" extension_auto="0"/>
				<Option working_dir="D:/SGOlmADAPTATIVOS/localsearchs"/>
				<Option object_output="./"/>
				<Option type="1"/>
				<Option compiler="gcc"/>
				<Compiler>
					<Add directory="d:\mingw\bin\../lib/gcc/mingw32/4.9.3/include/c++"/>
					<Add directory="d:\mingw\bin\../lib/gcc/mingw32/4.9.3/include/c++/mingw32"/>
					<Add directory="d:\mingw\bin\../lib/gcc/mingw32/4.9.3/include/c++/backward"/>
					<Add directory="d:\mingw\bin\../lib/gcc/mingw32/4.9.3/include"/>
					<Add directory="d:\mingw\bin\../lib/gcc/mingw32/4.9.3/../../../../include"/>
					<Add directory="d:\mingw\bin\../lib/gcc/mingw32/4.9.3/include-fixed"/>
					<Add directory="d:\mingw\bin\../lib/gcc/mingw32/4.9.3/../../../../mingw32/include"/>
				</Compiler>
				<MakeCommands>
					<Build command="D:/mingw/bin/mingw32-make.exe -f &quot;D:/SGOlmADAPTATIVOS/localsearchs/Makefile&quot;  VERBOSE=1 example_ls/fast"/>
					<CompileFile command="D:/mingw/bin/mingw32-make.exe -f &quot;D:/SGOlmADAPTATIVOS/localsearchs/Makefile&quot;  VERBOSE=1 &quot;$file&quot;"/>
					<Clean command="D:/mingw/bin/mingw32-make.exe -f &quot;D:/SGOlmADAPTATIVOS/localsearchs/Makefile&quot;  VERBOSE=1 clean"/>
					<DistClean command="D:/mingw/bin/mingw32-make.exe -f &quot;D:/SGOlmADAPTATIVOS/localsearchs/Makefile&quot;  VERBOSE=1 clean"/>
				</MakeCommands>
			</Target>
			<Target title="edit_cache">
				<Option working_dir="D:/SGOlmADAPTATIVOS/localsearchs"/>
				<Option type="4"/>
				<MakeCommands>
					<Build command="D:/mingw/bin/mingw32-make.exe -f &quot;D:/SGOlmADAPTATIVOS/localsearchs/Makefile&quot;  VERBOSE=1 edit_cache"/>
					<CompileFile command="D:/mingw/bin/mingw32-make.exe -f &quot;D:/SGOlmADAPTATIVOS/localsearchs/Makefile&quot;  VERBOSE=1 &quot;$file&quot;"/>
					<Clean command="D:/mingw/bin/mingw32-make.exe -f &quot;D:/SGOlmADAPTATIVOS/localsearchs/Makefile&quot;  VERBOSE=1 clean"/>
					<DistClean command="D:/mingw/bin/mingw32-make.exe -f &quot;D:/SGOlmADAPTATIVOS/localsearchs/Makefile&quot;  VERBOSE=1 clean"/>
				</MakeCommands>
			</Target>
			<Target title="rebuild_cache">
				<Option working_dir="D:/SGOlmADAPTATIVOS/localsearchs"/>
				<Option type="4"/>
				<MakeCommands>
					<Build command="D:/mingw/bin/mingw32-make.exe -f &quot;D:/SGOlmADAPTATIVOS/localsearchs/Makefile&quot;  VERBOSE=1 rebuild_cache"/>
					<CompileFile command="D:/mingw/bin/mingw32-make.exe -f &quot;D:/SGOlmADAPTATIVOS/localsearchs/Makefile&quot;  VERBOSE=1 &quot;$file&quot;"/>
					<Clean command="D:/mingw/bin/mingw32-make.exe -f &quot;D:/SGOlmADAPTATIVOS/localsearchs/Makefile&quot;  VERBOSE=1 clean"/>
					<DistClean command="D:/mingw/bin/mingw32-make.exe -f &quot;D:/SGOlmADAPTATIVOS/localsearchs/Makefile&quot;  VERBOSE=1 clean"/>
				</MakeCommands>
			</Target>
		</Build>
		<Unit filename="D:/SGOlmADAPTATIVOS/localsearchs/SoccerGameOptimization.cc">
			<Option target="localsearch"/>
		</Unit>
		<Unit filename="D:/SGOlmADAPTATIVOS/localsearchs/SoccerGameOptimization.h">
			<Option target="localsearch"/>
		</Unit>
		<Unit filename="D:/SGOlmADAPTATIVOS/localsearchs/cec2014_func.cpp">
			<Option target="localsearch"/>
		</Unit>
		<Unit filename="D:/SGOlmADAPTATIVOS/localsearchs/cmaeshan.cc">
			<Option target="localsearch"/>
		</Unit>
		<Unit filename="D:/SGOlmADAPTATIVOS/localsearchs/cmaeshan.h">
			<Option target="localsearch"/>
		</Unit>
		<Unit filename="D:/SGOlmADAPTATIVOS/localsearchs/domain.cc">
			<Option target="localsearch"/>
		</Unit>
		<Unit filename="D:/SGOlmADAPTATIVOS/localsearchs/domain.h">
			<Option target="localsearch"/>
		</Unit>
		<Unit filename="D:/SGOlmADAPTATIVOS/localsearchs/exampleSGO.cc">
			<Option target="localsearch"/>
			<Option target="example_ls"/>
		</Unit>
		<Unit filename="D:/SGOlmADAPTATIVOS/localsearchs/origcmaes.cc">
			<Option target="localsearch"/>
		</Unit>
		<Unit filename="D:/SGOlmADAPTATIVOS/localsearchs/origcmaes.h">
			<Option target="localsearch"/>
		</Unit>
		<Unit filename="D:/SGOlmADAPTATIVOS/localsearchs/problem.cc">
			<Option target="localsearch"/>
		</Unit>
		<Unit filename="D:/SGOlmADAPTATIVOS/localsearchs/problem.h">
			<Option target="localsearch"/>
		</Unit>
		<Unit filename="D:/SGOlmADAPTATIVOS/localsearchs/problemcec2014.cc">
			<Option target="localsearch"/>
		</Unit>
		<Unit filename="D:/SGOlmADAPTATIVOS/localsearchs/problemcec2014.h">
			<Option target="localsearch"/>
		</Unit>
		<Unit filename="D:/SGOlmADAPTATIVOS/localsearchs/random.cc">
			<Option target="localsearch"/>
		</Unit>
		<Unit filename="D:/SGOlmADAPTATIVOS/localsearchs/random.h">
			<Option target="localsearch"/>
		</Unit>
		<Unit filename="D:/SGOlmADAPTATIVOS/localsearchs/simplex.cc">
			<Option target="localsearch"/>
		</Unit>
		<Unit filename="D:/SGOlmADAPTATIVOS/localsearchs/simplex.h">
			<Option target="localsearch"/>
		</Unit>
		<Unit filename="D:/SGOlmADAPTATIVOS/localsearchs/solis.cc">
			<Option target="localsearch"/>
		</Unit>
		<Unit filename="D:/SGOlmADAPTATIVOS/localsearchs/solis.h">
			<Option target="localsearch"/>
		</Unit>
		<Unit filename="D:/SGOlmADAPTATIVOS/localsearchs/srandom.cc">
			<Option target="localsearch"/>
		</Unit>
		<Unit filename="D:/SGOlmADAPTATIVOS/localsearchs/srandom.h">
			<Option target="localsearch"/>
		</Unit>
		<Unit filename="D:/SGOlmADAPTATIVOS/localsearchs/CMakeLists.txt">
			<Option virtualFolder="CMake Files\"/>
		</Unit>
	</Project>
</CodeBlocks_project_file>
